# This file was autogenerated by Stack.
# You should not edit this file by hand.
# For more information, please see the documentation at:
#   https://docs.haskellstack.org/en/stable/lock_files

packages: []
snapshots:
- completed:
    sha256: cf95a118f919213067008b202fe5bb9794aa187cc97ded5d5c00c64d3565f298
    size: 700702
    url: https://raw.githubusercontent.com/commercialhaskell/stackage-snapshots/master/nightly/2023/12/4.yaml
  original: nightly-2023-12-04
